
Microsoft Visual Studio Solution File, Format Version 12.00
# Visual Studio 15
VisualStudioVersion = 15.0.27703.2035
MinimumVisualStudioVersion = 10.0.40219.1
Project("{FAE04EC0-301F-11D3-BF4B-00C04F79EFBC}") = "CardProject", "CardProject\CardProject.csproj", "{A6C7E33F-EA11-486E-BBAF-85A5EF107A97}"
EndProject
Global
	GlobalSection(SolutionConfigurationPlatforms) = preSolution
		Debug|Any CPU = Debug|Any CPU
		Release|Any CPU = Release|Any CPU
	EndGlobalSection
	GlobalSection(ProjectConfigurationPlatforms) = postSolution
		{A6C7E33F-EA11-486E-BBAF-85A5EF107A97}.Debug|Any CPU.ActiveCfg = Debug|Any CPU
		{A6C7E33F-EA11-486E-BBAF-85A5EF107A97}.Debug|Any CPU.Build.0 = Debug|Any CPU
		{A6C7E33F-EA11-486E-BBAF-85A5EF107A97}.Release|Any CPU.ActiveCfg = Release|Any CPU
		{A6C7E33F-EA11-486E-BBAF-85A5EF107A97}.Release|Any CPU.Build.0 = Release|Any CPU
	EndGlobalSection
	GlobalSection(SolutionProperties) = preSolution
		HideSolutionNode = FALSE
	EndGlobalSection
	GlobalSection(ExtensibilityGlobals) = postSolution
		SolutionGuid = {43D97A36-1919-42CA-92BE-357D39FB7B64}
	EndGlobalSection
EndGlobal
